// !$*UTF8*$!
{
	archiveVersion = 1;
	classes = {
	};
	objectVersion = 56;
	objects = {

/* Begin PBXBuildFile section */
		5A2E8EE12B2154AF00B3CA70 /* CleanAreaApp.swift in Sources */ = {isa = PBXBuildFile; fileRef = 5A2E8EE02B2154AF00B3CA70 /* CleanAreaApp.swift */; };
		5A2E8EE32B2154AF00B3CA70 /* ContentView.swift in Sources */ = {isa = PBXBuildFile; fileRef = 5A2E8EE22B2154AF00B3CA70 /* ContentView.swift */; };
		5A2E8EE52B2154AF00B3CA70 /* Assets.xcassets in Resources */ = {isa = PBXBuildFile; fileRef = 5A2E8EE42B2154AF00B3CA70 /* Assets.xcassets */; };
		5A2E8EE82B2154AF00B3CA70 /* Preview Assets.xcassets in Resources */ = {isa = PBXBuildFile; fileRef = 5A2E8EE72B2154AF00B3CA70 /* Preview Assets.xcassets */; };
		5A2E8EF22B2154AF00B3CA70 /* CleanAreaTests.swift in Sources */ = {isa = PBXBuildFile; fileRef = 5A2E8EF12B2154AF00B3CA70 /* CleanAreaTests.swift */; };
		5A2E8EFC2B2154AF00B3CA70 /* CleanAreaUITests.swift in Sources */ = {isa = PBXBuildFile; fileRef = 5A2E8EFB2B2154AF00B3CA70 /* CleanAreaUITests.swift */; };
		5A2E8EFE2B2154AF00B3CA70 /* CleanAreaUITestsLaunchTests.swift in Sources */ = {isa = PBXBuildFile; fileRef = 5A2E8EFD2B2154AF00B3CA70 /* CleanAreaUITestsLaunchTests.swift */; };
/* End PBXBuildFile section */

/* Begin PBXContainerItemProxy section */
		5A2E8EEE2B2154AF00B3CA70 /* PBXContainerItemProxy */ = {
			isa = PBXContainerItemProxy;
			containerPortal = 5A2E8ED52B2154AE00B3CA70 /* Project object */;
			proxyType = 1;
			remoteGlobalIDString = 5A2E8EDC2B2154AE00B3CA70;
			remoteInfo = CleanArea;
		};
		5A2E8EF82B2154AF00B3CA70 /* PBXContainerItemProxy */ = {
			isa = PBXContainerItemProxy;
			containerPortal = 5A2E8ED52B2154AE00B3CA70 /* Project object */;
			proxyType = 1;
			remoteGlobalIDString = 5A2E8EDC2B2154AE00B3CA70;
			remoteInfo = CleanArea;
		};
/* End PBXContainerItemProxy section */

/* Begin PBXFileReference section */
		5A2E8EDD2B2154AE00B3CA70 /* CleanArea.app */ = {isa = PBXFileReference; explicitFileType = wrapper.application; includeInIndex = 0; path = CleanArea.app; sourceTree = BUILT_PRODUCTS_DIR; };
		5A2E8EE02B2154AF00B3CA70 /* CleanAreaApp.swift */ = {isa = PBXFileReference; lastKnownFileType = sourcecode.swift; path = CleanAreaApp.swift; sourceTree = "<group>"; };
		5A2E8EE22B2154AF00B3CA70 /* ContentView.swift */ = {isa = PBXFileReference; lastKnownFileType = sourcecode.swift; path = ContentView.swift; sourceTree = "<group>"; };
		5A2E8EE42B2154AF00B3CA70 /* Assets.xcassets */ = {isa = PBXFileReference; lastKnownFileType = folder.assetcatalog; path = Assets.xcassets; sourceTree = "<group>"; };
		5A2E8EE72B2154AF00B3CA70 /* Preview Assets.xcassets */ = {isa = PBXFileReference; lastKnownFileType = folder.assetcatalog; path = "Preview Assets.xcassets"; sourceTree = "<group>"; };
		5A2E8EED2B2154AF00B3CA70 /* CleanAreaTests.xctest */ = {isa = PBXFileReference; explicitFileType = wrapper.cfbundle; includeInIndex = 0; path = CleanAreaTests.xctest; sourceTree = BUILT_PRODUCTS_DIR; };
		5A2E8EF12B2154AF00B3CA70 /* CleanAreaTests.swift */ = {isa = PBXFileReference; lastKnownFileType = sourcecode.swift; path = CleanAreaTests.swift; sourceTree = "<group>"; };
		5A2E8EF72B2154AF00B3CA70 /* CleanAreaUITests.xctest */ = {isa = PBXFileReference; explicitFileType = wrapper.cfbundle; includeInIndex = 0; path = CleanAreaUITests.xctest; sourceTree = BUILT_PRODUCTS_DIR; };
		5A2E8EFB2B2154AF00B3CA70 /* CleanAreaUITests.swift */ = {isa = PBXFileReference; lastKnownFileType = sourcecode.swift; path = CleanAreaUITests.swift; sourceTree = "<group>"; };
		5A2E8EFD2B2154AF00B3CA70 /* CleanAreaUITestsLaunchTests.swift */ = {isa = PBXFileReference; lastKnownFileType = sourcecode.swift; path = CleanAreaUITestsLaunchTests.swift; sourceTree = "<group>"; };
/* End PBXFileReference section */

/* Begin PBXFrameworksBuildPhase section */
		5A2E8EDA2B2154AE00B3CA70 /* Frameworks */ = {
			isa = PBXFrameworksBuildPhase;
			buildActionMask = 2147483647;
			files = (
			);
			runOnlyForDeploymentPostprocessing = 0;
		};
		5A2E8EEA2B2154AF00B3CA70 /* Frameworks */ = {
			isa = PBXFrameworksBuildPhase;
			buildActionMask = 2147483647;
			files = (
			);
			runOnlyForDeploymentPostprocessing = 0;
		};
		5A2E8EF42B2154AF00B3CA70 /* Frameworks */ = {
			isa = PBXFrameworksBuildPhase;
			buildActionMask = 2147483647;
			files = (
			);
			runOnlyForDeploymentPostprocessing = 0;
		};
/* End PBXFrameworksBuildPhase section */

/* Begin PBXGroup section */
		5A2E8ED42B2154AE00B3CA70 = {
			isa = PBXGroup;
			children = (
				5A2E8EDF2B2154AE00B3CA70 /* CleanArea */,
				5A2E8EF02B2154AF00B3CA70 /* CleanAreaTests */,
				5A2E8EFA2B2154AF00B3CA70 /* CleanAreaUITests */,
				5A2E8EDE2B2154AE00B3CA70 /* Products */,
			);
			sourceTree = "<group>";
		};
		5A2E8EDE2B2154AE00B3CA70 /* Products */ = {
			isa = PBXGroup;
			children = (
				5A2E8EDD2B2154AE00B3CA70 /* CleanArea.app */,
				5A2E8EED2B2154AF00B3CA70 /* CleanAreaTests.xctest */,
				5A2E8EF72B2154AF00B3CA70 /* CleanAreaUITests.xctest */,
			);
			name = Products;
			sourceTree = "<group>";
		};
		5A2E8EDF2B2154AE00B3CA70 /* CleanArea */ = {
			isa = PBXGroup;
			children = (
				5A2E8EE02B2154AF00B3CA70 /* CleanAreaApp.swift */,
				5A2E8EE22B2154AF00B3CA70 /* ContentView.swift */,
				5A2E8EE42B2154AF00B3CA70 /* Assets.xcassets */,
				5A2E8EE62B2154AF00B3CA70 /* Preview Content */,
			);
			path = CleanArea;
			sourceTree = "<group>";
		};
		5A2E8EE62B2154AF00B3CA70 /* Preview Content */ = {
			isa = PBXGroup;
			children = (
				5A2E8EE72B2154AF00B3CA70 /* Preview Assets.xcassets */,
			);
			path = "Preview Content";
			sourceTree = "<group>";
		};
		5A2E8EF02B2154AF00B3CA70 /* CleanAreaTests */ = {
			isa = PBXGroup;
			children = (
				5A2E8EF12B2154AF00B3CA70 /* CleanAreaTests.swift */,
			);
			path = CleanAreaTests;
			sourceTree = "<group>";
		};
		5A2E8EFA2B2154AF00B3CA70 /* CleanAreaUITests */ = {
			isa = PBXGroup;
			children = (
				5A2E8EFB2B2154AF00B3CA70 /* CleanAreaUITests.swift */,
				5A2E8EFD2B2154AF00B3CA70 /* CleanAreaUITestsLaunchTests.swift */,
			);
			path = CleanAreaUITests;
			sourceTree = "<group>";
		};
/* End PBXGroup section */

/* Begin PBXNativeTarget section */
		5A2E8EDC2B2154AE00B3CA70 /* CleanArea */ = {
			isa = PBXNativeTarget;
			buildConfigurationList = 5A2E8F012B2154AF00B3CA70 /* Build configuration list for PBXNativeTarget "CleanArea" */;
			buildPhases = (
				5A2E8ED92B2154AE00B3CA70 /* Sources */,
				5A2E8EDA2B2154AE00B3CA70 /* Frameworks */,
				5A2E8EDB2B2154AE00B3CA70 /* Resources */,
			);
			buildRules = (
			);
			dependencies = (
			);
			name = CleanArea;
			productName = CleanArea;
			productReference = 5A2E8EDD2B2154AE00B3CA70 /* CleanArea.app */;
			productType = "com.apple.product-type.application";
		};
		5A2E8EEC2B2154AF00B3CA70 /* CleanAreaTests */ = {
			isa = PBXNativeTarget;
			buildConfigurationList = 5A2E8F042B2154AF00B3CA70 /* Build configuration list for PBXNativeTarget "CleanAreaTests" */;
			buildPhases = (
				5A2E8EE92B2154AF00B3CA70 /* Sources */,
				5A2E8EEA2B2154AF00B3CA70 /* Frameworks */,
				5A2E8EEB2B2154AF00B3CA70 /* Resources */,
			);
			buildRules = (
			);
			dependencies = (
				5A2E8EEF2B2154AF00B3CA70 /* PBXTargetDependency */,
			);
			name = CleanAreaTests;
			productName = CleanAreaTests;
			productReference = 5A2E8EED2B2154AF00B3CA70 /* CleanAreaTests.xctest */;
			productType = "com.apple.product-type.bundle.unit-test";
		};
		5A2E8EF62B2154AF00B3CA70 /* CleanAreaUITests */ = {
			isa = PBXNativeTarget;
			buildConfigurationList = 5A2E8F072B2154AF00B3CA70 /* Build configuration list for PBXNativeTarget "CleanAreaUITests" */;
			buildPhases = (
				5A2E8EF32B2154AF00B3CA70 /* Sources */,
				5A2E8EF42B2154AF00B3CA70 /* Frameworks */,
				5A2E8EF52B2154AF00B3CA70 /* Resources */,
			);
			buildRules = (
			);
			dependencies = (
				5A2E8EF92B2154AF00B3CA70 /* PBXTargetDependency */,
			);
			name = CleanAreaUITests;
			productName = CleanAreaUITests;
			productReference = 5A2E8EF72B2154AF00B3CA70 /* CleanAreaUITests.xctest */;
			productType = "com.apple.product-type.bundle.ui-testing";
		};
/* End PBXNativeTarget section */

/* Begin PBXProject section */
		5A2E8ED52B2154AE00B3CA70 /* Project object */ = {
			isa = PBXProject;
			attributes = {
				BuildIndependentTargetsInParallel = 1;
				LastSwiftUpdateCheck = 1500;
				LastUpgradeCheck = 1500;
				TargetAttributes = {
					5A2E8EDC2B2154AE00B3CA70 = {
						CreatedOnToolsVersion = 15.0.1;
					};
					5A2E8EEC2B2154AF00B3CA70 = {
						CreatedOnToolsVersion = 15.0.1;
						TestTargetID = 5A2E8EDC2B2154AE00B3CA70;
					};
					5A2E8EF62B2154AF00B3CA70 = {
						CreatedOnToolsVersion = 15.0.1;
						TestTargetID = 5A2E8EDC2B2154AE00B3CA70;
					};
				};
			};
			buildConfigurationList = 5A2E8ED82B2154AE00B3CA70 /* Build configuration list for PBXProject "CleanArea" */;
			compatibilityVersion = "Xcode 14.0";
			developmentRegion = en;
			hasScannedForEncodings = 0;
			knownRegions = (
				en,
				Base,
			);
			mainGroup = 5A2E8ED42B2154AE00B3CA70;
			productRefGroup = 5A2E8EDE2B2154AE00B3CA70 /* Products */;
			projectDirPath = "";
			projectRoot = "";
			targets = (
				5A2E8EDC2B2154AE00B3CA70 /* CleanArea */,
				5A2E8EEC2B2154AF00B3CA70 /* CleanAreaTests */,
				5A2E8EF62B2154AF00B3CA70 /* CleanAreaUITests */,
			);
		};
/* End PBXProject section */

/* Begin PBXResourcesBuildPhase section */
		5A2E8EDB2B2154AE00B3CA70 /* Resources */ = {
			isa = PBXResourcesBuildPhase;
			buildActionMask = 2147483647;
			files = (
				5A2E8EE82B2154AF00B3CA70 /* Preview Assets.xcassets in Resources */,
				5A2E8EE52B2154AF00B3CA70 /* Assets.xcassets in Resources */,
			);
			runOnlyForDeploymentPostprocessing = 0;
		};
		5A2E8EEB2B2154AF00B3CA70 /* Resources */ = {
			isa = PBXResourcesBuildPhase;
			buildActionMask = 2147483647;
			files = (
			);
			runOnlyForDeploymentPostprocessing = 0;
		};
		5A2E8EF52B2154AF00B3CA70 /* Resources */ = {
			isa = PBXResourcesBuildPhase;
			buildActionMask = 2147483647;
			files = (
			);
			runOnlyForDeploymentPostprocessing = 0;
		};
/* End PBXResourcesBuildPhase section */

/* Begin PBXSourcesBuildPhase section */
		5A2E8ED92B2154AE00B3CA70 /* Sources */ = {
			isa = PBXSourcesBuildPhase;
			buildActionMask = 2147483647;
			files = (
				5A2E8EE32B2154AF00B3CA70 /* ContentView.swift in Sources */,
				5A2E8EE12B2154AF00B3CA70 /* CleanAreaApp.swift in Sources */,
			);
			runOnlyForDeploymentPostprocessing = 0;
		};
		5A2E8EE92B2154AF00B3CA70 /* Sources */ = {
			isa = PBXSourcesBuildPhase;
			buildActionMask = 2147483647;
			files = (
				5A2E8EF22B2154AF00B3CA70 /* CleanAreaTests.swift in Sources */,
			);
			runOnlyForDeploymentPostprocessing = 0;
		};
		5A2E8EF32B2154AF00B3CA70 /* Sources */ = {
			isa = PBXSourcesBuildPhase;
			buildActionMask = 2147483647;
			files = (
				5A2E8EFC2B2154AF00B3CA70 /* CleanAreaUITests.swift in Sources */,
				5A2E8EFE2B2154AF00B3CA70 /* CleanAreaUITestsLaunchTests.swift in Sources */,
			);
			runOnlyForDeploymentPostprocessing = 0;
		};
/* End PBXSourcesBuildPhase section */

/* Begin PBXTargetDependency section */
		5A2E8EEF2B2154AF00B3CA70 /* PBXTargetDependency */ = {
			isa = PBXTargetDependency;
			target = 5A2E8EDC2B2154AE00B3CA70 /* CleanArea */;
			targetProxy = 5A2E8EEE2B2154AF00B3CA70 /* PBXContainerItemProxy */;
		};
		5A2E8EF92B2154AF00B3CA70 /* PBXTargetDependency */ = {
			isa = PBXTargetDependency;
			target = 5A2E8EDC2B2154AE00B3CA70 /* CleanArea */;
			targetProxy = 5A2E8EF82B2154AF00B3CA70 /* PBXContainerItemProxy */;
		};
/* End PBXTargetDependency section */

/* Begin XCBuildConfiguration section */
		5A2E8EFF2B2154AF00B3CA70 /* Debug */ = {
			isa = XCBuildConfiguration;
			buildSettings = {
				ALWAYS_SEARCH_USER_PATHS = NO;
				ASSETCATALOG_COMPILER_GENERATE_SWIFT_ASSET_SYMBOL_EXTENSIONS = YES;
				CLANG_ANALYZER_NONNULL = YES;
				CLANG_ANALYZER_NUMBER_OBJECT_CONVERSION = YES_AGGRESSIVE;
				CLANG_CXX_LANGUAGE_STANDARD = "gnu++20";
				CLANG_ENABLE_MODULES = YES;
				CLANG_ENABLE_OBJC_ARC = YES;
				CLANG_ENABLE_OBJC_WEAK = YES;
				CLANG_WARN_BLOCK_CAPTURE_AUTORELEASING = YES;
				CLANG_WARN_BOOL_CONVERSION = YES;
				CLANG_WARN_COMMA = YES;
				CLANG_WARN_CONSTANT_CONVERSION = YES;
				CLANG_WARN_DEPRECATED_OBJC_IMPLEMENTATIONS = YES;
				CLANG_WARN_DIRECT_OBJC_ISA_USAGE = YES_ERROR;
				CLANG_WARN_DOCUMENTATION_COMMENTS = YES;
				CLANG_WARN_EMPTY_BODY = YES;
				CLANG_WARN_ENUM_CONVERSION = YES;
				CLANG_WARN_INFINITE_RECURSION = YES;
				CLANG_WARN_INT_CONVERSION = YES;
				CLANG_WARN_NON_LITERAL_NULL_CONVERSION = YES;
				CLANG_WARN_OBJC_IMPLICIT_RETAIN_SELF = YES;
				CLANG_WARN_OBJC_LITERAL_CONVERSION = YES;
				CLANG_WARN_OBJC_ROOT_CLASS = YES_ERROR;
				CLANG_WARN_QUOTED_INCLUDE_IN_FRAMEWORK_HEADER = YES;
				CLANG_WARN_RANGE_LOOP_ANALYSIS = YES;
				CLANG_WARN_STRICT_PROTOTYPES = YES;
				CLANG_WARN_SUSPICIOUS_MOVE = YES;
				CLANG_WARN_UNGUARDED_AVAILABILITY = YES_AGGRESSIVE;
				CLANG_WARN_UNREACHABLE_CODE = YES;
				CLANG_WARN__DUPLICATE_METHOD_MATCH = YES;
				COPY_PHASE_STRIP = NO;
				DEBUG_INFORMATION_FORMAT = dwarf;
				ENABLE_STRICT_OBJC_MSGSEND = YES;
				ENABLE_TESTABILITY = YES;
				ENABLE_USER_SCRIPT_SANDBOXING = YES;
				GCC_C_LANGUAGE_STANDARD = gnu17;
				GCC_DYNAMIC_NO_PIC = NO;
				GCC_NO_COMMON_BLOCKS = YES;
				GCC_OPTIMIZATION_LEVEL = 0;
				GCC_PREPROCESSOR_DEFINITIONS = (
					"DEBUG=1",
					"$(inherited)",
				);
				GCC_WARN_64_TO_32_BIT_CONVERSION = YES;
				GCC_WARN_ABOUT_RETURN_TYPE = YES_ERROR;
				GCC_WARN_UNDECLARED_SELECTOR = YES;
				GCC_WARN_UNINITIALIZED_AUTOS = YES_AGGRESSIVE;
				GCC_WARN_UNUSED_FUNCTION = YES;
				GCC_WARN_UNUSED_VARIABLE = YES;
				IPHONEOS_DEPLOYMENT_TARGET = 17.0;
				LOCALIZATION_PREFERS_STRING_CATALOGS = YES;
				MTL_ENABLE_DEBUG_INFO = INCLUDE_SOURCE;
				MTL_FAST_MATH = YES;
				ONLY_ACTIVE_ARCH = YES;
				SDKROOT = iphoneos;
				SWIFT_ACTIVE_COMPILATION_CONDITIONS = "DEBUG $(inherited)";
				SWIFT_OPTIMIZATION_LEVEL = "-Onone";
			};
			name = Debug;
		};
		5A2E8F002B2154AF00B3CA70 /* Release */ = {
			isa = XCBuildConfiguration;
			buildSettings = {
				ALWAYS_SEARCH_USER_PATHS = NO;
				ASSETCATALOG_COMPILER_GENERATE_SWIFT_ASSET_SYMBOL_EXTENSIONS = YES;
				CLANG_ANALYZER_NONNULL = YES;
				CLANG_ANALYZER_NUMBER_OBJECT_CONVERSION = YES_AGGRESSIVE;
				CLANG_CXX_LANGUAGE_STANDARD = "gnu++20";
				CLANG_ENABLE_MODULES = YES;
				CLANG_ENABLE_OBJC_ARC = YES;
				CLANG_ENABLE_OBJC_WEAK = YES;
				CLANG_WARN_BLOCK_CAPTURE_AUTORELEASING = YES;
				CLANG_WARN_BOOL_CONVERSION = YES;
				CLANG_WARN_COMMA = YES;
				CLANG_WARN_CONSTANT_CONVERSION = YES;
				CLANG_WARN_DEPRECATED_OBJC_IMPLEMENTATIONS = YES;
				CLANG_WARN_DIRECT_OBJC_ISA_USAGE = YES_ERROR;
				CLANG_WARN_DOCUMENTATION_COMMENTS = YES;
				CLANG_WARN_EMPTY_BODY = YES;
				CLANG_WARN_ENUM_CONVERSION = YES;
				CLANG_WARN_INFINITE_RECURSION = YES;
				CLANG_WARN_INT_CONVERSION = YES;
				CLANG_WARN_NON_LITERAL_NULL_CONVERSION = YES;
				CLANG_WARN_OBJC_IMPLICIT_RETAIN_SELF = YES;
				CLANG_WARN_OBJC_LITERAL_CONVERSION = YES;
				CLANG_WARN_OBJC_ROOT_CLASS = YES_ERROR;
				CLANG_WARN_QUOTED_INCLUDE_IN_FRAMEWORK_HEADER = YES;
				CLANG_WARN_RANGE_LOOP_ANALYSIS = YES;
				CLANG_WARN_STRICT_PROTOTYPES = YES;
				CLANG_WARN_SUSPICIOUS_MOVE = YES;
				CLANG_WARN_UNGUARDED_AVAILABILITY = YES_AGGRESSIVE;
				CLANG_WARN_UNREACHABLE_CODE = YES;
				CLANG_WARN__DUPLICATE_METHOD_MATCH = YES;
				COPY_PHASE_STRIP = NO;
				DEBUG_INFORMATION_FORMAT = "dwarf-with-dsym";
				ENABLE_NS_ASSERTIONS = NO;
				ENABLE_STRICT_OBJC_MSGSEND = YES;
				ENABLE_USER_SCRIPT_SANDBOXING = YES;
				GCC_C_LANGUAGE_STANDARD = gnu17;
				GCC_NO_COMMON_BLOCKS = YES;
				GCC_WARN_64_TO_32_BIT_CONVERSION = YES;
				GCC_WARN_ABOUT_RETURN_TYPE = YES_ERROR;
				GCC_WARN_UNDECLARED_SELECTOR = YES;
				GCC_WARN_UNINITIALIZED_AUTOS = YES_AGGRESSIVE;
				GCC_WARN_UNUSED_FUNCTION = YES;
				GCC_WARN_UNUSED_VARIABLE = YES;
				IPHONEOS_DEPLOYMENT_TARGET = 17.0;
				LOCALIZATION_PREFERS_STRING_CATALOGS = YES;
				MTL_ENABLE_DEBUG_INFO = NO;
				MTL_FAST_MATH = YES;
				SDKROOT = iphoneos;
				SWIFT_COMPILATION_MODE = wholemodule;
				VALIDATE_PRODUCT = YES;
			};
			name = Release;
		};
		5A2E8F022B2154AF00B3CA70 /* Debug */ = {
			isa = XCBuildConfiguration;
			buildSettings = {
				ASSETCATALOG_COMPILER_APPICON_NAME = AppIcon;
				ASSETCATALOG_COMPILER_GLOBAL_ACCENT_COLOR_NAME = AccentColor;
				CODE_SIGN_STYLE = Automatic;
				CURRENT_PROJECT_VERSION = 1;
				DEVELOPMENT_ASSET_PATHS = "\"CleanArea/Preview Content\"";
				ENABLE_PREVIEWS = YES;
				GENERATE_INFOPLIST_FILE = YES;
				INFOPLIST_KEY_UIApplicationSceneManifest_Generation = YES;
				INFOPLIST_KEY_UIApplicationSupportsIndirectInputEvents = YES;
				INFOPLIST_KEY_UILaunchScreen_Generation = YES;
				INFOPLIST_KEY_UISupportedInterfaceOrientations_iPad = "UIInterfaceOrientationPortrait UIInterfaceOrientationPortraitUpsideDown UIInterfaceOrientationLandscapeLeft UIInterfaceOrientationLandscapeRight";
				INFOPLIST_KEY_UISupportedInterfaceOrientations_iPhone = "UIInterfaceOrientationPortrait UIInterfaceOrientationLandscapeLeft UIInterfaceOrientationLandscapeRight";
				LD_RUNPATH_SEARCH_PATHS = (
					"$(inherited)",
					"@executable_path/Frameworks",
				);
				MARKETING_VERSION = 1.0;
				PRODUCT_BUNDLE_IDENTIFIER = Sample.CleanArea;
				PRODUCT_NAME = "$(TARGET_NAME)";
				SWIFT_EMIT_LOC_STRINGS = YES;
				SWIFT_VERSION = 5.0;
				TARGETED_DEVICE_FAMILY = "1,2";
			};
			name = Debug;
		};
		5A2E8F032B2154AF00B3CA70 /* Release */ = {
			isa = XCBuildConfiguration;
			buildSettings = {
				ASSETCATALOG_COMPILER_APPICON_NAME = AppIcon;
				ASSETCATALOG_COMPILER_GLOBAL_ACCENT_COLOR_NAME = AccentColor;
				CODE_SIGN_STYLE = Automatic;
				CURRENT_PROJECT_VERSION = 1;
				DEVELOPMENT_ASSET_PATHS = "\"CleanArea/Preview Content\"";
				ENABLE_PREVIEWS = YES;
				GENERATE_INFOPLIST_FILE = YES;
				INFOPLIST_KEY_UIApplicationSceneManifest_Generation = YES;
				INFOPLIST_KEY_UIApplicationSupportsIndirectInputEvents = YES;
				INFOPLIST_KEY_UILaunchScreen_Generation = YES;
				INFOPLIST_KEY_UISupportedInterfaceOrientations_iPad = "UIInterfaceOrientationPortrait UIInterfaceOrientationPortraitUpsideDown UIInterfaceOrientationLandscapeLeft UIInterfaceOrientationLandscapeRight";
				INFOPLIST_KEY_UISupportedInterfaceOrientations_iPhone = "UIInterfaceOrientationPortrait UIInterfaceOrientationLandscapeLeft UIInterfaceOrientationLandscapeRight";
				LD_RUNPATH_SEARCH_PATHS = (
					"$(inherited)",
					"@executable_path/Frameworks",
				);
				MARKETING_VERSION = 1.0;
				PRODUCT_BUNDLE_IDENTIFIER = Sample.CleanArea;
				PRODUCT_NAME = "$(TARGET_NAME)";
				SWIFT_EMIT_LOC_STRINGS = YES;
				SWIFT_VERSION = 5.0;
				TARGETED_DEVICE_FAMILY = "1,2";
			};
			name = Release;
		};
		5A2E8F052B2154AF00B3CA70 /* Debug */ = {
			isa = XCBuildConfiguration;
			buildSettings = {
				ALWAYS_EMBED_SWIFT_STANDARD_LIBRARIES = YES;
				BUNDLE_LOADER = "$(TEST_HOST)";
				CODE_SIGN_STYLE = Automatic;
				CURRENT_PROJECT_VERSION = 1;
				GENERATE_INFOPLIST_FILE = YES;
				IPHONEOS_DEPLOYMENT_TARGET = 17.0;
				MARKETING_VERSION = 1.0;
				PRODUCT_BUNDLE_IDENTIFIER = Sample.CleanAreaTests;
				PRODUCT_NAME = "$(TARGET_NAME)";
				SWIFT_EMIT_LOC_STRINGS = NO;
				SWIFT_VERSION = 5.0;
				TARGETED_DEVICE_FAMILY = "1,2";
				TEST_HOST = "$(BUILT_PRODUCTS_DIR)/CleanArea.app/$(BUNDLE_EXECUTABLE_FOLDER_PATH)/CleanArea";
			};
			name = Debug;
		};
		5A2E8F062B2154AF00B3CA70 /* Release */ = {
			isa = XCBuildConfiguration;
			buildSettings = {
				ALWAYS_EMBED_SWIFT_STANDARD_LIBRARIES = YES;
				BUNDLE_LOADER = "$(TEST_HOST)";
				CODE_SIGN_STYLE = Automatic;
				CURRENT_PROJECT_VERSION = 1;
				GENERATE_INFOPLIST_FILE = YES;
				IPHONEOS_DEPLOYMENT_TARGET = 17.0;
				MARKETING_VERSION = 1.0;
				PRODUCT_BUNDLE_IDENTIFIER = Sample.CleanAreaTests;
				PRODUCT_NAME = "$(TARGET_NAME)";
				SWIFT_EMIT_LOC_STRINGS = NO;
				SWIFT_VERSION = 5.0;
				TARGETED_DEVICE_FAMILY = "1,2";
				TEST_HOST = "$(BUILT_PRODUCTS_DIR)/CleanArea.app/$(BUNDLE_EXECUTABLE_FOLDER_PATH)/CleanArea";
			};
			name = Release;
		};
		5A2E8F082B2154AF00B3CA70 /* Debug */ = {
			isa = XCBuildConfiguration;
			buildSettings = {
				ALWAYS_EMBED_SWIFT_STANDARD_LIBRARIES = YES;
				CODE_SIGN_STYLE = Automatic;
				CURRENT_PROJECT_VERSION = 1;
				GENERATE_INFOPLIST_FILE = YES;
				MARKETING_VERSION = 1.0;
				PRODUCT_BUNDLE_IDENTIFIER = Sample.CleanAreaUITests;
				PRODUCT_NAME = "$(TARGET_NAME)";
				SWIFT_EMIT_LOC_STRINGS = NO;
				SWIFT_VERSION = 5.0;
				TARGETED_DEVICE_FAMILY = "1,2";
				TEST_TARGET_NAME = CleanArea;
			};
			name = Debug;
		};
		5A2E8F092B2154AF00B3CA70 /* Release */ = {
			isa = XCBuildConfiguration;
			buildSettings = {
				ALWAYS_EMBED_SWIFT_STANDARD_LIBRARIES = YES;
				CODE_SIGN_STYLE = Automatic;
				CURRENT_PROJECT_VERSION = 1;
				GENERATE_INFOPLIST_FILE = YES;
				MARKETING_VERSION = 1.0;
				PRODUCT_BUNDLE_IDENTIFIER = Sample.CleanAreaUITests;
				PRODUCT_NAME = "$(TARGET_NAME)";
				SWIFT_EMIT_LOC_STRINGS = NO;
				SWIFT_VERSION = 5.0;
				TARGETED_DEVICE_FAMILY = "1,2";
				TEST_TARGET_NAME = CleanArea;
			};
			name = Release;
		};
/* End XCBuildConfiguration section */

/* Begin XCConfigurationList section */
		5A2E8ED82B2154AE00B3CA70 /* Build configuration list for PBXProject "CleanArea" */ = {
			isa = XCConfigurationList;
			buildConfigurations = (
				5A2E8EFF2B2154AF00B3CA70 /* Debug */,
				5A2E8F002B2154AF00B3CA70 /* Release */,
			);
			defaultConfigurationIsVisible = 0;
			defaultConfigurationName = Release;
		};
		5A2E8F012B2154AF00B3CA70 /* Build configuration list for PBXNativeTarget "CleanArea" */ = {
			isa = XCConfigurationList;
			buildConfigurations = (
				5A2E8F022B2154AF00B3CA70 /* Debug */,
				5A2E8F032B2154AF00B3CA70 /* Release */,
			);
			defaultConfigurationIsVisible = 0;
			defaultConfigurationName = Release;
		};
		5A2E8F042B2154AF00B3CA70 /* Build configuration list for PBXNativeTarget "CleanAreaTests" */ = {
			isa = XCConfigurationList;
			buildConfigurations = (
				5A2E8F052B2154AF00B3CA70 /* Debug */,
				5A2E8F062B2154AF00B3CA70 /* Release */,
			);
			defaultConfigurationIsVisible = 0;
			defaultConfigurationName = Release;
		};
		5A2E8F072B2154AF00B3CA70 /* Build configuration list for PBXNativeTarget "CleanAreaUITests" */ = {
			isa = XCConfigurationList;
			buildConfigurations = (
				5A2E8F082B2154AF00B3CA70 /* Debug */,
				5A2E8F092B2154AF00B3CA70 /* Release */,
			);
			defaultConfigurationIsVisible = 0;
			defaultConfigurationName = Release;
		};
/* End XCConfigurationList section */
	};
	rootObject = 5A2E8ED52B2154AE00B3CA70 /* Project object */;
}
